
Microsoft Visual Studio Solution File, Format Version 12.00
# Visual Studio Version 16
VisualStudioVersion = 16.0.33027.164
MinimumVisualStudioVersion = 10.0.40219.1
Project("{FAE04EC0-301F-11D3-BF4B-00C04F79EFBC}") = "RpgMvc", "RpgMvc\RpgMvc.csproj", "{0C5EBE3F-4DED-4584-9D41-6036BD41B47E}"
EndProject
Global
	GlobalSection(SolutionConfigurationPlatforms) = preSolution
		Debug|Any CPU = Debug|Any CPU
		Release|Any CPU = Release|Any CPU
	EndGlobalSection
	GlobalSection(ProjectConfigurationPlatforms) = postSolution
		{0C5EBE3F-4DED-4584-9D41-6036BD41B47E}.Debug|Any CPU.ActiveCfg = Debug|Any CPU
		{0C5EBE3F-4DED-4584-9D41-6036BD41B47E}.Debug|Any CPU.Build.0 = Debug|Any CPU
		{0C5EBE3F-4DED-4584-9D41-6036BD41B47E}.Release|Any CPU.ActiveCfg = Release|Any CPU
		{0C5EBE3F-4DED-4584-9D41-6036BD41B47E}.Release|Any CPU.Build.0 = Release|Any CPU
	EndGlobalSection
	GlobalSection(SolutionProperties) = preSolution
		HideSolutionNode = FALSE
	EndGlobalSection
	GlobalSection(ExtensibilityGlobals) = postSolution
		SolutionGuid = {F8F68718-7FFE-4B45-825F-A215E1577100}
	EndGlobalSection
EndGlobal
